// !$*UTF8*$!
{
	archiveVersion = 1;
	classes = {
	};
	objectVersion = 50;
	objects = {

/* Begin PBXBuildFile section */
		F049C39424EEEC34005C6BA3 /* AppDelegate.swift in Sources */ = {isa = PBXBuildFile; fileRef = F049C39324EEEC34005C6BA3 /* AppDelegate.swift */; };
		F049C39624EEEC34005C6BA3 /* SceneDelegate.swift in Sources */ = {isa = PBXBuildFile; fileRef = F049C39524EEEC34005C6BA3 /* SceneDelegate.swift */; };
		F049C39824EEEC34005C6BA3 /* ViewController.swift in Sources */ = {isa = PBXBuildFile; fileRef = F049C39724EEEC34005C6BA3 /* ViewController.swift */; };
		F049C39B24EEEC34005C6BA3 /* Main.storyboard in Resources */ = {isa = PBXBuildFile; fileRef = F049C39924EEEC34005C6BA3 /* Main.storyboard */; };
		F049C39D24EEEC36005C6BA3 /* Assets.xcassets in Resources */ = {isa = PBXBuildFile; fileRef = F049C39C24EEEC36005C6BA3 /* Assets.xcassets */; };
		F049C3A024EEEC36005C6BA3 /* LaunchScreen.storyboard in Resources */ = {isa = PBXBuildFile; fileRef = F049C39E24EEEC36005C6BA3 /* LaunchScreen.storyboard */; };
/* End PBXBuildFile section */

/* Begin PBXFileReference section */
		F049C39024EEEC34005C6BA3 /* alcool ou gasolina.app */ = {isa = PBXFileReference; explicitFileType = wrapper.application; includeInIndex = 0; path = "alcool ou gasolina.app"; sourceTree = BUILT_PRODUCTS_DIR; };
		F049C39324EEEC34005C6BA3 /* AppDelegate.swift */ = {isa = PBXFileReference; lastKnownFileType = sourcecode.swift; path = AppDelegate.swift; sourceTree = "<group>"; };
		F049C39524EEEC34005C6BA3 /* SceneDelegate.swift */ = {isa = PBXFileReference; lastKnownFileType = sourcecode.swift; path = SceneDelegate.swift; sourceTree = "<group>"; };
		F049C39724EEEC34005C6BA3 /* ViewController.swift */ = {isa = PBXFileReference; lastKnownFileType = sourcecode.swift; path = ViewController.swift; sourceTree = "<group>"; };
		F049C39A24EEEC34005C6BA3 /* Base */ = {isa = PBXFileReference; lastKnownFileType = file.storyboard; name = Base; path = Base.lproj/Main.storyboard; sourceTree = "<group>"; };
		F049C39C24EEEC36005C6BA3 /* Assets.xcassets */ = {isa = PBXFileReference; lastKnownFileType = folder.assetcatalog; path = Assets.xcassets; sourceTree = "<group>"; };
		F049C39F24EEEC36005C6BA3 /* Base */ = {isa = PBXFileReference; lastKnownFileType = file.storyboard; name = Base; path = Base.lproj/LaunchScreen.storyboard; sourceTree = "<group>"; };
		F049C3A124EEEC36005C6BA3 /* Info.plist */ = {isa = PBXFileReference; lastKnownFileType = text.plist.xml; path = Info.plist; sourceTree = "<group>"; };
/* End PBXFileReference section */

/* Begin PBXFrameworksBuildPhase section */
		F049C38D24EEEC34005C6BA3 /* Frameworks */ = {
			isa = PBXFrameworksBuildPhase;
			buildActionMask = 2147483647;
			files = (
			);
			runOnlyForDeploymentPostprocessing = 0;
		};
/* End PBXFrameworksBuildPhase section */

/* Begin PBXGroup section */
		F049C38724EEEC34005C6BA3 = {
			isa = PBXGroup;
			children = (
				F049C39224EEEC34005C6BA3 /* alcool ou gasolina */,
				F049C39124EEEC34005C6BA3 /* Products */,
			);
			sourceTree = "<group>";
		};
		F049C39124EEEC34005C6BA3 /* Products */ = {
			isa = PBXGroup;
			children = (
				F049C39024EEEC34005C6BA3 /* alcool ou gasolina.app */,
			);
			name = Products;
			sourceTree = "<group>";
		};
		F049C39224EEEC34005C6BA3 /* alcool ou gasolina */ = {
			isa = PBXGroup;
			children = (
				F049C39324EEEC34005C6BA3 /* AppDelegate.swift */,
				F049C39524EEEC34005C6BA3 /* SceneDelegate.swift */,
				F049C39724EEEC34005C6BA3 /* ViewController.swift */,
				F049C39924EEEC34005C6BA3 /* Main.storyboard */,
				F049C39C24EEEC36005C6BA3 /* Assets.xcassets */,
				F049C39E24EEEC36005C6BA3 /* LaunchScreen.storyboard */,
				F049C3A124EEEC36005C6BA3 /* Info.plist */,
			);
			path = "alcool ou gasolina";
			sourceTree = "<group>";
		};
/* End PBXGroup section */

/* Begin PBXNativeTarget section */
		F049C38F24EEEC34005C6BA3 /* alcool ou gasolina */ = {
			isa = PBXNativeTarget;
			buildConfigurationList = F049C3A424EEEC36005C6BA3 /* Build configuration list for PBXNativeTarget "alcool ou gasolina" */;
			buildPhases = (
				F049C38C24EEEC34005C6BA3 /* Sources */,
				F049C38D24EEEC34005C6BA3 /* Frameworks */,
				F049C38E24EEEC34005C6BA3 /* Resources */,
			);
			buildRules = (
			);
			dependencies = (
			);
			name = "alcool ou gasolina";
			productName = "alcool ou gasolina";
			productReference = F049C39024EEEC34005C6BA3 /* alcool ou gasolina.app */;
			productType = "com.apple.product-type.application";
		};
/* End PBXNativeTarget section */

/* Begin PBXProject section */
		F049C38824EEEC34005C6BA3 /* Project object */ = {
			isa = PBXProject;
			attributes = {
				LastSwiftUpdateCheck = 1160;
				LastUpgradeCheck = 1160;
				ORGANIZATIONNAME = irixs;
				TargetAttributes = {
					F049C38F24EEEC34005C6BA3 = {
						CreatedOnToolsVersion = 11.6;
					};
				};
			};
			buildConfigurationList = F049C38B24EEEC34005C6BA3 /* Build configuration list for PBXProject "alcool ou gasolina" */;
			compatibilityVersion = "Xcode 9.3";
			developmentRegion = en;
			hasScannedForEncodings = 0;
			knownRegions = (
				en,
				Base,
			);
			mainGroup = F049C38724EEEC34005C6BA3;
			productRefGroup = F049C39124EEEC34005C6BA3 /* Products */;
			projectDirPath = "";
			projectRoot = "";
			targets = (
				F049C38F24EEEC34005C6BA3 /* alcool ou gasolina */,
			);
		};
/* End PBXProject section */

/* Begin PBXResourcesBuildPhase section */
		F049C38E24EEEC34005C6BA3 /* Resources */ = {
			isa = PBXResourcesBuildPhase;
			buildActionMask = 2147483647;
			files = (
				F049C3A024EEEC36005C6BA3 /* LaunchScreen.storyboard in Resources */,
				F049C39D24EEEC36005C6BA3 /* Assets.xcassets in Resources */,
				F049C39B24EEEC34005C6BA3 /* Main.storyboard in Resources */,
			);
			runOnlyForDeploymentPostprocessing = 0;
		};
/* End PBXResourcesBuildPhase section */

/* Begin PBXSourcesBuildPhase section */
		F049C38C24EEEC34005C6BA3 /* Sources */ = {
			isa = PBXSourcesBuildPhase;
			buildActionMask = 2147483647;
			files = (
				F049C39824EEEC34005C6BA3 /* ViewController.swift in Sources */,
				F049C39424EEEC34005C6BA3 /* AppDelegate.swift in Sources */,
				F049C39624EEEC34005C6BA3 /* SceneDelegate.swift in Sources */,
			);
			runOnlyForDeploymentPostprocessing = 0;
		};
/* End PBXSourcesBuildPhase section */

/* Begin PBXVariantGroup section */
		F049C39924EEEC34005C6BA3 /* Main.storyboard */ = {
			isa = PBXVariantGroup;
			children = (
				F049C39A24EEEC34005C6BA3 /* Base */,
			);
			name = Main.storyboard;
			sourceTree = "<group>";
		};
		F049C39E24EEEC36005C6BA3 /* LaunchScreen.storyboard */ = {
			isa = PBXVariantGroup;
			children = (
				F049C39F24EEEC36005C6BA3 /* Base */,
			);
			name = LaunchScreen.storyboard;
			sourceTree = "<group>";
		};
/* End PBXVariantGroup section */

/* Begin XCBuildConfiguration section */
		F049C3A224EEEC36005C6BA3 /* Debug */ = {
			isa = XCBuildConfiguration;
			buildSettings = {
				ALWAYS_SEARCH_USER_PATHS = NO;
				CLANG_ANALYZER_NONNULL = YES;
				CLANG_ANALYZER_NUMBER_OBJECT_CONVERSION = YES_AGGRESSIVE;
				CLANG_CXX_LANGUAGE_STANDARD = "gnu++14";
				CLANG_CXX_LIBRARY = "libc++";
				CLANG_ENABLE_MODULES = YES;
				CLANG_ENABLE_OBJC_ARC = YES;
				CLANG_ENABLE_OBJC_WEAK = YES;
				CLANG_WARN_BLOCK_CAPTURE_AUTORELEASING = YES;
				CLANG_WARN_BOOL_CONVERSION = YES;
				CLANG_WARN_COMMA = YES;
				CLANG_WARN_CONSTANT_CONVERSION = YES;
				CLANG_WARN_DEPRECATED_OBJC_IMPLEMENTATIONS = YES;
				CLANG_WARN_DIRECT_OBJC_ISA_USAGE = YES_ERROR;
				CLANG_WARN_DOCUMENTATION_COMMENTS = YES;
				CLANG_WARN_EMPTY_BODY = YES;
				CLANG_WARN_ENUM_CONVERSION = YES;
				CLANG_WARN_INFINITE_RECURSION = YES;
				CLANG_WARN_INT_CONVERSION = YES;
				CLANG_WARN_NON_LITERAL_NULL_CONVERSION = YES;
				CLANG_WARN_OBJC_IMPLICIT_RETAIN_SELF = YES;
				CLANG_WARN_OBJC_LITERAL_CONVERSION = YES;
				CLANG_WARN_OBJC_ROOT_CLASS = YES_ERROR;
				CLANG_WARN_RANGE_LOOP_ANALYSIS = YES;
				CLANG_WARN_STRICT_PROTOTYPES = YES;
				CLANG_WARN_SUSPICIOUS_MOVE = YES;
				CLANG_WARN_UNGUARDED_AVAILABILITY = YES_AGGRESSIVE;
				CLANG_WARN_UNREACHABLE_CODE = YES;
				CLANG_WARN__DUPLICATE_METHOD_MATCH = YES;
				COPY_PHASE_STRIP = NO;
				DEBUG_INFORMATION_FORMAT = dwarf;
				ENABLE_STRICT_OBJC_MSGSEND = YES;
				ENABLE_TESTABILITY = YES;
				GCC_C_LANGUAGE_STANDARD = gnu11;
				GCC_DYNAMIC_NO_PIC = NO;
				GCC_NO_COMMON_BLOCKS = YES;
				GCC_OPTIMIZATION_LEVEL = 0;
				GCC_PREPROCESSOR_DEFINITIONS = (
					"DEBUG=1",
					"$(inherited)",
				);
				GCC_WARN_64_TO_32_BIT_CONVERSION = YES;
				GCC_WARN_ABOUT_RETURN_TYPE = YES_ERROR;
				GCC_WARN_UNDECLARED_SELECTOR = YES;
				GCC_WARN_UNINITIALIZED_AUTOS = YES_AGGRESSIVE;
				GCC_WARN_UNUSED_FUNCTION = YES;
				GCC_WARN_UNUSED_VARIABLE = YES;
				IPHONEOS_DEPLOYMENT_TARGET = 13.6;
				MTL_ENABLE_DEBUG_INFO = INCLUDE_SOURCE;
				MTL_FAST_MATH = YES;
				ONLY_ACTIVE_ARCH = YES;
				SDKROOT = iphoneos;
				SWIFT_ACTIVE_COMPILATION_CONDITIONS = DEBUG;
				SWIFT_OPTIMIZATION_LEVEL = "-Onone";
			};
			name = Debug;
		};
		F049C3A324EEEC36005C6BA3 /* Release */ = {
			isa = XCBuildConfiguration;
			buildSettings = {
				ALWAYS_SEARCH_USER_PATHS = NO;
				CLANG_ANALYZER_NONNULL = YES;
				CLANG_ANALYZER_NUMBER_OBJECT_CONVERSION = YES_AGGRESSIVE;
				CLANG_CXX_LANGUAGE_STANDARD = "gnu++14";
				CLANG_CXX_LIBRARY = "libc++";
				CLANG_ENABLE_MODULES = YES;
				CLANG_ENABLE_OBJC_ARC = YES;
				CLANG_ENABLE_OBJC_WEAK = YES;
				CLANG_WARN_BLOCK_CAPTURE_AUTORELEASING = YES;
				CLANG_WARN_BOOL_CONVERSION = YES;
				CLANG_WARN_COMMA = YES;
				CLANG_WARN_CONSTANT_CONVERSION = YES;
				CLANG_WARN_DEPRECATED_OBJC_IMPLEMENTATIONS = YES;
				CLANG_WARN_DIRECT_OBJC_ISA_USAGE = YES_ERROR;
				CLANG_WARN_DOCUMENTATION_COMMENTS = YES;
				CLANG_WARN_EMPTY_BODY = YES;
				CLANG_WARN_ENUM_CONVERSION = YES;
				CLANG_WARN_INFINITE_RECURSION = YES;
				CLANG_WARN_INT_CONVERSION = YES;
				CLANG_WARN_NON_LITERAL_NULL_CONVERSION = YES;
				CLANG_WARN_OBJC_IMPLICIT_RETAIN_SELF = YES;
				CLANG_WARN_OBJC_LITERAL_CONVERSION = YES;
				CLANG_WARN_OBJC_ROOT_CLASS = YES_ERROR;
				CLANG_WARN_RANGE_LOOP_ANALYSIS = YES;
				CLANG_WARN_STRICT_PROTOTYPES = YES;
				CLANG_WARN_SUSPICIOUS_MOVE = YES;
				CLANG_WARN_UNGUARDED_AVAILABILITY = YES_AGGRESSIVE;
				CLANG_WARN_UNREACHABLE_CODE = YES;
				CLANG_WARN__DUPLICATE_METHOD_MATCH = YES;
				COPY_PHASE_STRIP = NO;
				DEBUG_INFORMATION_FORMAT = "dwarf-with-dsym";
				ENABLE_NS_ASSERTIONS = NO;
				ENABLE_STRICT_OBJC_MSGSEND = YES;
				GCC_C_LANGUAGE_STANDARD = gnu11;
				GCC_NO_COMMON_BLOCKS = YES;
				GCC_WARN_64_TO_32_BIT_CONVERSION = YES;
				GCC_WARN_ABOUT_RETURN_TYPE = YES_ERROR;
				GCC_WARN_UNDECLARED_SELECTOR = YES;
				GCC_WARN_UNINITIALIZED_AUTOS = YES_AGGRESSIVE;
				GCC_WARN_UNUSED_FUNCTION = YES;
				GCC_WARN_UNUSED_VARIABLE = YES;
				IPHONEOS_DEPLOYMENT_TARGET = 13.6;
				MTL_ENABLE_DEBUG_INFO = NO;
				MTL_FAST_MATH = YES;
				SDKROOT = iphoneos;
				SWIFT_COMPILATION_MODE = wholemodule;
				SWIFT_OPTIMIZATION_LEVEL = "-O";
				VALIDATE_PRODUCT = YES;
			};
			name = Release;
		};
		F049C3A524EEEC36005C6BA3 /* Debug */ = {
			isa = XCBuildConfiguration;
			buildSettings = {
				ASSETCATALOG_COMPILER_APPICON_NAME = AppIcon;
				CODE_SIGN_STYLE = Automatic;
				DEVELOPMENT_TEAM = A9DZA4U68F;
				INFOPLIST_FILE = "alcool ou gasolina/Info.plist";
				LD_RUNPATH_SEARCH_PATHS = (
					"$(inherited)",
					"@executable_path/Frameworks",
				);
				PRODUCT_BUNDLE_IDENTIFIER = "com.irixs.alcool-ou-gasolina";
				PRODUCT_NAME = "$(TARGET_NAME)";
				SWIFT_VERSION = 5.0;
				TARGETED_DEVICE_FAMILY = "1,2";
			};
			name = Debug;
		};
		F049C3A624EEEC36005C6BA3 /* Release */ = {
			isa = XCBuildConfiguration;
			buildSettings = {
				ASSETCATALOG_COMPILER_APPICON_NAME = AppIcon;
				CODE_SIGN_STYLE = Automatic;
				DEVELOPMENT_TEAM = A9DZA4U68F;
				INFOPLIST_FILE = "alcool ou gasolina/Info.plist";
				LD_RUNPATH_SEARCH_PATHS = (
					"$(inherited)",
					"@executable_path/Frameworks",
				);
				PRODUCT_BUNDLE_IDENTIFIER = "com.irixs.alcool-ou-gasolina";
				PRODUCT_NAME = "$(TARGET_NAME)";
				SWIFT_VERSION = 5.0;
				TARGETED_DEVICE_FAMILY = "1,2";
			};
			name = Release;
		};
/* End XCBuildConfiguration section */

/* Begin XCConfigurationList section */
		F049C38B24EEEC34005C6BA3 /* Build configuration list for PBXProject "alcool ou gasolina" */ = {
			isa = XCConfigurationList;
			buildConfigurations = (
				F049C3A224EEEC36005C6BA3 /* Debug */,
				F049C3A324EEEC36005C6BA3 /* Release */,
			);
			defaultConfigurationIsVisible = 0;
			defaultConfigurationName = Release;
		};
		F049C3A424EEEC36005C6BA3 /* Build configuration list for PBXNativeTarget "alcool ou gasolina" */ = {
			isa = XCConfigurationList;
			buildConfigurations = (
				F049C3A524EEEC36005C6BA3 /* Debug */,
				F049C3A624EEEC36005C6BA3 /* Release */,
			);
			defaultConfigurationIsVisible = 0;
			defaultConfigurationName = Release;
		};
/* End XCConfigurationList section */
	};
	rootObject = F049C38824EEEC34005C6BA3 /* Project object */;
}
