// !$*UTF8*$!
{
	archiveVersion = 1;
	classes = {
	};
	objectVersion = 50;
	objects = {

/* Begin PBXBuildFile section */
		F0120AF524D36180003337EB /* AppDelegate.swift in Sources */ = {isa = PBXBuildFile; fileRef = F0120AF424D36180003337EB /* AppDelegate.swift */; };
		F0120AF724D36180003337EB /* SceneDelegate.swift in Sources */ = {isa = PBXBuildFile; fileRef = F0120AF624D36180003337EB /* SceneDelegate.swift */; };
		F0120AF924D36180003337EB /* ViewController.swift in Sources */ = {isa = PBXBuildFile; fileRef = F0120AF824D36180003337EB /* ViewController.swift */; };
		F0120AFC24D36180003337EB /* Main.storyboard in Resources */ = {isa = PBXBuildFile; fileRef = F0120AFA24D36180003337EB /* Main.storyboard */; };
		F0120AFE24D36181003337EB /* Assets.xcassets in Resources */ = {isa = PBXBuildFile; fileRef = F0120AFD24D36181003337EB /* Assets.xcassets */; };
		F0120B0124D36181003337EB /* LaunchScreen.storyboard in Resources */ = {isa = PBXBuildFile; fileRef = F0120AFF24D36181003337EB /* LaunchScreen.storyboard */; };
		F0120B0924D36350003337EB /* RobotoMono-VariableFont_wght.ttf in Resources */ = {isa = PBXBuildFile; fileRef = F0120B0824D36350003337EB /* RobotoMono-VariableFont_wght.ttf */; };
		F0120B0D24D366A5003337EB /* Rectangle 3-1.png in Resources */ = {isa = PBXBuildFile; fileRef = F0120B0B24D366A5003337EB /* Rectangle 3-1.png */; };
		F0120B0E24D366A5003337EB /* Rectangle 3.png in Resources */ = {isa = PBXBuildFile; fileRef = F0120B0C24D366A5003337EB /* Rectangle 3.png */; };
/* End PBXBuildFile section */

/* Begin PBXFileReference section */
		F0120AF124D36180003337EB /* random.app */ = {isa = PBXFileReference; explicitFileType = wrapper.application; includeInIndex = 0; path = random.app; sourceTree = BUILT_PRODUCTS_DIR; };
		F0120AF424D36180003337EB /* AppDelegate.swift */ = {isa = PBXFileReference; lastKnownFileType = sourcecode.swift; path = AppDelegate.swift; sourceTree = "<group>"; };
		F0120AF624D36180003337EB /* SceneDelegate.swift */ = {isa = PBXFileReference; lastKnownFileType = sourcecode.swift; path = SceneDelegate.swift; sourceTree = "<group>"; };
		F0120AF824D36180003337EB /* ViewController.swift */ = {isa = PBXFileReference; lastKnownFileType = sourcecode.swift; path = ViewController.swift; sourceTree = "<group>"; };
		F0120AFB24D36180003337EB /* Base */ = {isa = PBXFileReference; lastKnownFileType = file.storyboard; name = Base; path = Base.lproj/Main.storyboard; sourceTree = "<group>"; };
		F0120AFD24D36181003337EB /* Assets.xcassets */ = {isa = PBXFileReference; lastKnownFileType = folder.assetcatalog; path = Assets.xcassets; sourceTree = "<group>"; };
		F0120B0024D36181003337EB /* Base */ = {isa = PBXFileReference; lastKnownFileType = file.storyboard; name = Base; path = Base.lproj/LaunchScreen.storyboard; sourceTree = "<group>"; };
		F0120B0224D36181003337EB /* Info.plist */ = {isa = PBXFileReference; lastKnownFileType = text.plist.xml; path = Info.plist; sourceTree = "<group>"; };
		F0120B0824D36350003337EB /* RobotoMono-VariableFont_wght.ttf */ = {isa = PBXFileReference; lastKnownFileType = file; path = "RobotoMono-VariableFont_wght.ttf"; sourceTree = "<group>"; };
		F0120B0B24D366A5003337EB /* Rectangle 3-1.png */ = {isa = PBXFileReference; lastKnownFileType = image.png; path = "Rectangle 3-1.png"; sourceTree = "<group>"; };
		F0120B0C24D366A5003337EB /* Rectangle 3.png */ = {isa = PBXFileReference; lastKnownFileType = image.png; path = "Rectangle 3.png"; sourceTree = "<group>"; };
/* End PBXFileReference section */

/* Begin PBXFrameworksBuildPhase section */
		F0120AEE24D36180003337EB /* Frameworks */ = {
			isa = PBXFrameworksBuildPhase;
			buildActionMask = 2147483647;
			files = (
			);
			runOnlyForDeploymentPostprocessing = 0;
		};
/* End PBXFrameworksBuildPhase section */

/* Begin PBXGroup section */
		F0120AE824D36180003337EB = {
			isa = PBXGroup;
			children = (
				F0120AF324D36180003337EB /* random */,
				F0120AF224D36180003337EB /* Products */,
			);
			sourceTree = "<group>";
		};
		F0120AF224D36180003337EB /* Products */ = {
			isa = PBXGroup;
			children = (
				F0120AF124D36180003337EB /* random.app */,
			);
			name = Products;
			sourceTree = "<group>";
		};
		F0120AF324D36180003337EB /* random */ = {
			isa = PBXGroup;
			children = (
				F0120AF424D36180003337EB /* AppDelegate.swift */,
				F0120AF624D36180003337EB /* SceneDelegate.swift */,
				F0120AF824D36180003337EB /* ViewController.swift */,
				F0120AFA24D36180003337EB /* Main.storyboard */,
				F0120AFD24D36181003337EB /* Assets.xcassets */,
				F0120AFF24D36181003337EB /* LaunchScreen.storyboard */,
				F0120B0224D36181003337EB /* Info.plist */,
				F0120B0824D36350003337EB /* RobotoMono-VariableFont_wght.ttf */,
				F0120B0B24D366A5003337EB /* Rectangle 3-1.png */,
				F0120B0C24D366A5003337EB /* Rectangle 3.png */,
			);
			path = random;
			sourceTree = "<group>";
		};
/* End PBXGroup section */

/* Begin PBXNativeTarget section */
		F0120AF024D36180003337EB /* random */ = {
			isa = PBXNativeTarget;
			buildConfigurationList = F0120B0524D36181003337EB /* Build configuration list for PBXNativeTarget "random" */;
			buildPhases = (
				F0120AED24D36180003337EB /* Sources */,
				F0120AEE24D36180003337EB /* Frameworks */,
				F0120AEF24D36180003337EB /* Resources */,
			);
			buildRules = (
			);
			dependencies = (
			);
			name = random;
			productName = random;
			productReference = F0120AF124D36180003337EB /* random.app */;
			productType = "com.apple.product-type.application";
		};
/* End PBXNativeTarget section */

/* Begin PBXProject section */
		F0120AE924D36180003337EB /* Project object */ = {
			isa = PBXProject;
			attributes = {
				LastSwiftUpdateCheck = 1160;
				LastUpgradeCheck = 1160;
				ORGANIZATIONNAME = irixs;
				TargetAttributes = {
					F0120AF024D36180003337EB = {
						CreatedOnToolsVersion = 11.6;
					};
				};
			};
			buildConfigurationList = F0120AEC24D36180003337EB /* Build configuration list for PBXProject "random" */;
			compatibilityVersion = "Xcode 9.3";
			developmentRegion = en;
			hasScannedForEncodings = 0;
			knownRegions = (
				en,
				Base,
			);
			mainGroup = F0120AE824D36180003337EB;
			productRefGroup = F0120AF224D36180003337EB /* Products */;
			projectDirPath = "";
			projectRoot = "";
			targets = (
				F0120AF024D36180003337EB /* random */,
			);
		};
/* End PBXProject section */

/* Begin PBXResourcesBuildPhase section */
		F0120AEF24D36180003337EB /* Resources */ = {
			isa = PBXResourcesBuildPhase;
			buildActionMask = 2147483647;
			files = (
				F0120B0E24D366A5003337EB /* Rectangle 3.png in Resources */,
				F0120B0124D36181003337EB /* LaunchScreen.storyboard in Resources */,
				F0120B0D24D366A5003337EB /* Rectangle 3-1.png in Resources */,
				F0120AFE24D36181003337EB /* Assets.xcassets in Resources */,
				F0120B0924D36350003337EB /* RobotoMono-VariableFont_wght.ttf in Resources */,
				F0120AFC24D36180003337EB /* Main.storyboard in Resources */,
			);
			runOnlyForDeploymentPostprocessing = 0;
		};
/* End PBXResourcesBuildPhase section */

/* Begin PBXSourcesBuildPhase section */
		F0120AED24D36180003337EB /* Sources */ = {
			isa = PBXSourcesBuildPhase;
			buildActionMask = 2147483647;
			files = (
				F0120AF924D36180003337EB /* ViewController.swift in Sources */,
				F0120AF524D36180003337EB /* AppDelegate.swift in Sources */,
				F0120AF724D36180003337EB /* SceneDelegate.swift in Sources */,
			);
			runOnlyForDeploymentPostprocessing = 0;
		};
/* End PBXSourcesBuildPhase section */

/* Begin PBXVariantGroup section */
		F0120AFA24D36180003337EB /* Main.storyboard */ = {
			isa = PBXVariantGroup;
			children = (
				F0120AFB24D36180003337EB /* Base */,
			);
			name = Main.storyboard;
			sourceTree = "<group>";
		};
		F0120AFF24D36181003337EB /* LaunchScreen.storyboard */ = {
			isa = PBXVariantGroup;
			children = (
				F0120B0024D36181003337EB /* Base */,
			);
			name = LaunchScreen.storyboard;
			sourceTree = "<group>";
		};
/* End PBXVariantGroup section */

/* Begin XCBuildConfiguration section */
		F0120B0324D36181003337EB /* Debug */ = {
			isa = XCBuildConfiguration;
			buildSettings = {
				ALWAYS_SEARCH_USER_PATHS = NO;
				CLANG_ANALYZER_NONNULL = YES;
				CLANG_ANALYZER_NUMBER_OBJECT_CONVERSION = YES_AGGRESSIVE;
				CLANG_CXX_LANGUAGE_STANDARD = "gnu++14";
				CLANG_CXX_LIBRARY = "libc++";
				CLANG_ENABLE_MODULES = YES;
				CLANG_ENABLE_OBJC_ARC = YES;
				CLANG_ENABLE_OBJC_WEAK = YES;
				CLANG_WARN_BLOCK_CAPTURE_AUTORELEASING = YES;
				CLANG_WARN_BOOL_CONVERSION = YES;
				CLANG_WARN_COMMA = YES;
				CLANG_WARN_CONSTANT_CONVERSION = YES;
				CLANG_WARN_DEPRECATED_OBJC_IMPLEMENTATIONS = YES;
				CLANG_WARN_DIRECT_OBJC_ISA_USAGE = YES_ERROR;
				CLANG_WARN_DOCUMENTATION_COMMENTS = YES;
				CLANG_WARN_EMPTY_BODY = YES;
				CLANG_WARN_ENUM_CONVERSION = YES;
				CLANG_WARN_INFINITE_RECURSION = YES;
				CLANG_WARN_INT_CONVERSION = YES;
				CLANG_WARN_NON_LITERAL_NULL_CONVERSION = YES;
				CLANG_WARN_OBJC_IMPLICIT_RETAIN_SELF = YES;
				CLANG_WARN_OBJC_LITERAL_CONVERSION = YES;
				CLANG_WARN_OBJC_ROOT_CLASS = YES_ERROR;
				CLANG_WARN_RANGE_LOOP_ANALYSIS = YES;
				CLANG_WARN_STRICT_PROTOTYPES = YES;
				CLANG_WARN_SUSPICIOUS_MOVE = YES;
				CLANG_WARN_UNGUARDED_AVAILABILITY = YES_AGGRESSIVE;
				CLANG_WARN_UNREACHABLE_CODE = YES;
				CLANG_WARN__DUPLICATE_METHOD_MATCH = YES;
				COPY_PHASE_STRIP = NO;
				DEBUG_INFORMATION_FORMAT = dwarf;
				ENABLE_STRICT_OBJC_MSGSEND = YES;
				ENABLE_TESTABILITY = YES;
				GCC_C_LANGUAGE_STANDARD = gnu11;
				GCC_DYNAMIC_NO_PIC = NO;
				GCC_NO_COMMON_BLOCKS = YES;
				GCC_OPTIMIZATION_LEVEL = 0;
				GCC_PREPROCESSOR_DEFINITIONS = (
					"DEBUG=1",
					"$(inherited)",
				);
				GCC_WARN_64_TO_32_BIT_CONVERSION = YES;
				GCC_WARN_ABOUT_RETURN_TYPE = YES_ERROR;
				GCC_WARN_UNDECLARED_SELECTOR = YES;
				GCC_WARN_UNINITIALIZED_AUTOS = YES_AGGRESSIVE;
				GCC_WARN_UNUSED_FUNCTION = YES;
				GCC_WARN_UNUSED_VARIABLE = YES;
				IPHONEOS_DEPLOYMENT_TARGET = 13.6;
				MTL_ENABLE_DEBUG_INFO = INCLUDE_SOURCE;
				MTL_FAST_MATH = YES;
				ONLY_ACTIVE_ARCH = YES;
				SDKROOT = iphoneos;
				SWIFT_ACTIVE_COMPILATION_CONDITIONS = DEBUG;
				SWIFT_OPTIMIZATION_LEVEL = "-Onone";
			};
			name = Debug;
		};
		F0120B0424D36181003337EB /* Release */ = {
			isa = XCBuildConfiguration;
			buildSettings = {
				ALWAYS_SEARCH_USER_PATHS = NO;
				CLANG_ANALYZER_NONNULL = YES;
				CLANG_ANALYZER_NUMBER_OBJECT_CONVERSION = YES_AGGRESSIVE;
				CLANG_CXX_LANGUAGE_STANDARD = "gnu++14";
				CLANG_CXX_LIBRARY = "libc++";
				CLANG_ENABLE_MODULES = YES;
				CLANG_ENABLE_OBJC_ARC = YES;
				CLANG_ENABLE_OBJC_WEAK = YES;
				CLANG_WARN_BLOCK_CAPTURE_AUTORELEASING = YES;
				CLANG_WARN_BOOL_CONVERSION = YES;
				CLANG_WARN_COMMA = YES;
				CLANG_WARN_CONSTANT_CONVERSION = YES;
				CLANG_WARN_DEPRECATED_OBJC_IMPLEMENTATIONS = YES;
				CLANG_WARN_DIRECT_OBJC_ISA_USAGE = YES_ERROR;
				CLANG_WARN_DOCUMENTATION_COMMENTS = YES;
				CLANG_WARN_EMPTY_BODY = YES;
				CLANG_WARN_ENUM_CONVERSION = YES;
				CLANG_WARN_INFINITE_RECURSION = YES;
				CLANG_WARN_INT_CONVERSION = YES;
				CLANG_WARN_NON_LITERAL_NULL_CONVERSION = YES;
				CLANG_WARN_OBJC_IMPLICIT_RETAIN_SELF = YES;
				CLANG_WARN_OBJC_LITERAL_CONVERSION = YES;
				CLANG_WARN_OBJC_ROOT_CLASS = YES_ERROR;
				CLANG_WARN_RANGE_LOOP_ANALYSIS = YES;
				CLANG_WARN_STRICT_PROTOTYPES = YES;
				CLANG_WARN_SUSPICIOUS_MOVE = YES;
				CLANG_WARN_UNGUARDED_AVAILABILITY = YES_AGGRESSIVE;
				CLANG_WARN_UNREACHABLE_CODE = YES;
				CLANG_WARN__DUPLICATE_METHOD_MATCH = YES;
				COPY_PHASE_STRIP = NO;
				DEBUG_INFORMATION_FORMAT = "dwarf-with-dsym";
				ENABLE_NS_ASSERTIONS = NO;
				ENABLE_STRICT_OBJC_MSGSEND = YES;
				GCC_C_LANGUAGE_STANDARD = gnu11;
				GCC_NO_COMMON_BLOCKS = YES;
				GCC_WARN_64_TO_32_BIT_CONVERSION = YES;
				GCC_WARN_ABOUT_RETURN_TYPE = YES_ERROR;
				GCC_WARN_UNDECLARED_SELECTOR = YES;
				GCC_WARN_UNINITIALIZED_AUTOS = YES_AGGRESSIVE;
				GCC_WARN_UNUSED_FUNCTION = YES;
				GCC_WARN_UNUSED_VARIABLE = YES;
				IPHONEOS_DEPLOYMENT_TARGET = 13.6;
				MTL_ENABLE_DEBUG_INFO = NO;
				MTL_FAST_MATH = YES;
				SDKROOT = iphoneos;
				SWIFT_COMPILATION_MODE = wholemodule;
				SWIFT_OPTIMIZATION_LEVEL = "-O";
				VALIDATE_PRODUCT = YES;
			};
			name = Release;
		};
		F0120B0624D36181003337EB /* Debug */ = {
			isa = XCBuildConfiguration;
			buildSettings = {
				ASSETCATALOG_COMPILER_APPICON_NAME = AppIcon;
				CODE_SIGN_STYLE = Automatic;
				DEVELOPMENT_TEAM = A9DZA4U68F;
				INFOPLIST_FILE = random/Info.plist;
				LD_RUNPATH_SEARCH_PATHS = (
					"$(inherited)",
					"@executable_path/Frameworks",
				);
				PRODUCT_BUNDLE_IDENTIFIER = com.irixs.random;
				PRODUCT_NAME = "$(TARGET_NAME)";
				SWIFT_VERSION = 5.0;
				TARGETED_DEVICE_FAMILY = "1,2";
			};
			name = Debug;
		};
		F0120B0724D36181003337EB /* Release */ = {
			isa = XCBuildConfiguration;
			buildSettings = {
				ASSETCATALOG_COMPILER_APPICON_NAME = AppIcon;
				CODE_SIGN_STYLE = Automatic;
				DEVELOPMENT_TEAM = A9DZA4U68F;
				INFOPLIST_FILE = random/Info.plist;
				LD_RUNPATH_SEARCH_PATHS = (
					"$(inherited)",
					"@executable_path/Frameworks",
				);
				PRODUCT_BUNDLE_IDENTIFIER = com.irixs.random;
				PRODUCT_NAME = "$(TARGET_NAME)";
				SWIFT_VERSION = 5.0;
				TARGETED_DEVICE_FAMILY = "1,2";
			};
			name = Release;
		};
/* End XCBuildConfiguration section */

/* Begin XCConfigurationList section */
		F0120AEC24D36180003337EB /* Build configuration list for PBXProject "random" */ = {
			isa = XCConfigurationList;
			buildConfigurations = (
				F0120B0324D36181003337EB /* Debug */,
				F0120B0424D36181003337EB /* Release */,
			);
			defaultConfigurationIsVisible = 0;
			defaultConfigurationName = Release;
		};
		F0120B0524D36181003337EB /* Build configuration list for PBXNativeTarget "random" */ = {
			isa = XCConfigurationList;
			buildConfigurations = (
				F0120B0624D36181003337EB /* Debug */,
				F0120B0724D36181003337EB /* Release */,
			);
			defaultConfigurationIsVisible = 0;
			defaultConfigurationName = Release;
		};
/* End XCConfigurationList section */
	};
	rootObject = F0120AE924D36180003337EB /* Project object */;
}
